
Microsoft Visual Studio Solution File, Format Version 12.00
# Visual Studio Version 17
VisualStudioVersion = 17.10.35013.160
MinimumVisualStudioVersion = 10.0.40219.1
Project("{FAE04EC0-301F-11D3-BF4B-00C04F79EFBC}") = "CSharp_TinhLuyThua", "CSharp_TinhGiaiThua\CSharp_TinhLuyThua.csproj", "{F2325F46-A1A2-475C-BE80-E46459A09C23}"
EndProject
Global
	GlobalSection(SolutionConfigurationPlatforms) = preSolution
		Debug|Any CPU = Debug|Any CPU
		Release|Any CPU = Release|Any CPU
	EndGlobalSection
	GlobalSection(ProjectConfigurationPlatforms) = postSolution
		{F2325F46-A1A2-475C-BE80-E46459A09C23}.Debug|Any CPU.ActiveCfg = Debug|Any CPU
		{F2325F46-A1A2-475C-BE80-E46459A09C23}.Debug|Any CPU.Build.0 = Debug|Any CPU
		{F2325F46-A1A2-475C-BE80-E46459A09C23}.Release|Any CPU.ActiveCfg = Release|Any CPU
		{F2325F46-A1A2-475C-BE80-E46459A09C23}.Release|Any CPU.Build.0 = Release|Any CPU
	EndGlobalSection
	GlobalSection(SolutionProperties) = preSolution
		HideSolutionNode = FALSE
	EndGlobalSection
	GlobalSection(ExtensibilityGlobals) = postSolution
		SolutionGuid = {9B148449-ED34-481E-9FA2-9F84013EBBB2}
	EndGlobalSection
EndGlobal
